// !$*UTF8*$!
{
	archiveVersion = 1;
	classes = {
	};
	objectVersion = 48;
	objects = {

/* Begin PBXBuildFile section */
		D759A3412BF5DBEB94196808 /* Pods_TelstraExerciseTests.framework in Frameworks */ = {isa = PBXBuildFile; fileRef = 19F48AE72EF6039CF657AE55 /* Pods_TelstraExerciseTests.framework */; };
		F0A2D4E8FC821C8680CAA069 /* Pods_TelstraExercise.framework in Frameworks */ = {isa = PBXBuildFile; fileRef = 33973182E1533521B4A5F4B6 /* Pods_TelstraExercise.framework */; };
		FD0FA7B520BEDF950019259A /* placeholder.png in Resources */ = {isa = PBXBuildFile; fileRef = FD0FA7B420BEDF950019259A /* placeholder.png */; };
		FD24D3D320BD56F6004A5156 /* CustomClass.swift in Sources */ = {isa = PBXBuildFile; fileRef = FD24D3D220BD56F6004A5156 /* CustomClass.swift */; };
		FD4340AD20BC121A00CED8B7 /* AppDelegate.swift in Sources */ = {isa = PBXBuildFile; fileRef = FD4340AC20BC121A00CED8B7 /* AppDelegate.swift */; };
		FD4340B420BC121A00CED8B7 /* Assets.xcassets in Resources */ = {isa = PBXBuildFile; fileRef = FD4340B320BC121A00CED8B7 /* Assets.xcassets */; };
		FD4340B720BC121A00CED8B7 /* LaunchScreen.storyboard in Resources */ = {isa = PBXBuildFile; fileRef = FD4340B520BC121A00CED8B7 /* LaunchScreen.storyboard */; };
		FD4340C220BC121A00CED8B7 /* TelstraExerciseTests.swift in Sources */ = {isa = PBXBuildFile; fileRef = FD4340C120BC121A00CED8B7 /* TelstraExerciseTests.swift */; };
		FD4340CF20BC1CD300CED8B7 /* MainViewController.swift in Sources */ = {isa = PBXBuildFile; fileRef = FD4340CE20BC1CD300CED8B7 /* MainViewController.swift */; };
		FD4340D120BC1D8100CED8B7 /* NetworkManager.swift in Sources */ = {isa = PBXBuildFile; fileRef = FD4340D020BC1D8100CED8B7 /* NetworkManager.swift */; };
		FD4340D320BC1DC200CED8B7 /* TableViewDataModelItem.swift in Sources */ = {isa = PBXBuildFile; fileRef = FD4340D220BC1DC200CED8B7 /* TableViewDataModelItem.swift */; };
		FD79F96620BC497000C1D5C5 /* TableViewCell.swift in Sources */ = {isa = PBXBuildFile; fileRef = FD79F96520BC497000C1D5C5 /* TableViewCell.swift */; };
/* End PBXBuildFile section */

/* Begin PBXContainerItemProxy section */
		FD4340BE20BC121A00CED8B7 /* PBXContainerItemProxy */ = {
			isa = PBXContainerItemProxy;
			containerPortal = FD4340A120BC121A00CED8B7 /* Project object */;
			proxyType = 1;
			remoteGlobalIDString = FD4340A820BC121A00CED8B7;
			remoteInfo = TelstraExercise;
		};
/* End PBXContainerItemProxy section */

/* Begin PBXFileReference section */
		18438A575F676303D4041EB8 /* Pods-TelstraExercise.release.xcconfig */ = {isa = PBXFileReference; includeInIndex = 1; lastKnownFileType = text.xcconfig; name = "Pods-TelstraExercise.release.xcconfig"; path = "Pods/Target Support Files/Pods-TelstraExercise/Pods-TelstraExercise.release.xcconfig"; sourceTree = "<group>"; };
		19F48AE72EF6039CF657AE55 /* Pods_TelstraExerciseTests.framework */ = {isa = PBXFileReference; explicitFileType = wrapper.framework; includeInIndex = 0; path = Pods_TelstraExerciseTests.framework; sourceTree = BUILT_PRODUCTS_DIR; };
		230E7B7FF2B56C35359E085A /* Pods-TelstraExerciseTests.debug.xcconfig */ = {isa = PBXFileReference; includeInIndex = 1; lastKnownFileType = text.xcconfig; name = "Pods-TelstraExerciseTests.debug.xcconfig"; path = "Pods/Target Support Files/Pods-TelstraExerciseTests/Pods-TelstraExerciseTests.debug.xcconfig"; sourceTree = "<group>"; };
		33973182E1533521B4A5F4B6 /* Pods_TelstraExercise.framework */ = {isa = PBXFileReference; explicitFileType = wrapper.framework; includeInIndex = 0; path = Pods_TelstraExercise.framework; sourceTree = BUILT_PRODUCTS_DIR; };
		6412591EE44BF51CFF4A10C0 /* Pods-TelstraExercise.debug.xcconfig */ = {isa = PBXFileReference; includeInIndex = 1; lastKnownFileType = text.xcconfig; name = "Pods-TelstraExercise.debug.xcconfig"; path = "Pods/Target Support Files/Pods-TelstraExercise/Pods-TelstraExercise.debug.xcconfig"; sourceTree = "<group>"; };
		BB292DA8B26563B248421852 /* Pods-TelstraExerciseTests.release.xcconfig */ = {isa = PBXFileReference; includeInIndex = 1; lastKnownFileType = text.xcconfig; name = "Pods-TelstraExerciseTests.release.xcconfig"; path = "Pods/Target Support Files/Pods-TelstraExerciseTests/Pods-TelstraExerciseTests.release.xcconfig"; sourceTree = "<group>"; };
		FD0FA7B420BEDF950019259A /* placeholder.png */ = {isa = PBXFileReference; lastKnownFileType = image.png; path = placeholder.png; sourceTree = "<group>"; };
		FD1C064F20BEC9E700E88911 /* TelstraExercise-Bridging-Header.h */ = {isa = PBXFileReference; lastKnownFileType = sourcecode.c.h; path = "TelstraExercise-Bridging-Header.h"; sourceTree = "<group>"; };
		FD24D3D220BD56F6004A5156 /* CustomClass.swift */ = {isa = PBXFileReference; lastKnownFileType = sourcecode.swift; path = CustomClass.swift; sourceTree = "<group>"; };
		FD4340A920BC121A00CED8B7 /* TelstraExercise.app */ = {isa = PBXFileReference; explicitFileType = wrapper.application; includeInIndex = 0; path = TelstraExercise.app; sourceTree = BUILT_PRODUCTS_DIR; };
		FD4340AC20BC121A00CED8B7 /* AppDelegate.swift */ = {isa = PBXFileReference; lastKnownFileType = sourcecode.swift; path = AppDelegate.swift; sourceTree = "<group>"; };
		FD4340B320BC121A00CED8B7 /* Assets.xcassets */ = {isa = PBXFileReference; lastKnownFileType = folder.assetcatalog; path = Assets.xcassets; sourceTree = "<group>"; };
		FD4340B620BC121A00CED8B7 /* Base */ = {isa = PBXFileReference; lastKnownFileType = file.storyboard; name = Base; path = Base.lproj/LaunchScreen.storyboard; sourceTree = "<group>"; };
		FD4340B820BC121A00CED8B7 /* Info.plist */ = {isa = PBXFileReference; lastKnownFileType = text.plist.xml; path = Info.plist; sourceTree = "<group>"; };
		FD4340BD20BC121A00CED8B7 /* TelstraExerciseTests.xctest */ = {isa = PBXFileReference; explicitFileType = wrapper.cfbundle; includeInIndex = 0; path = TelstraExerciseTests.xctest; sourceTree = BUILT_PRODUCTS_DIR; };
		FD4340C120BC121A00CED8B7 /* TelstraExerciseTests.swift */ = {isa = PBXFileReference; lastKnownFileType = sourcecode.swift; path = TelstraExerciseTests.swift; sourceTree = "<group>"; };
		FD4340C320BC121A00CED8B7 /* Info.plist */ = {isa = PBXFileReference; lastKnownFileType = text.plist.xml; path = Info.plist; sourceTree = "<group>"; };
		FD4340CE20BC1CD300CED8B7 /* MainViewController.swift */ = {isa = PBXFileReference; lastKnownFileType = sourcecode.swift; path = MainViewController.swift; sourceTree = "<group>"; };
		FD4340D020BC1D8100CED8B7 /* NetworkManager.swift */ = {isa = PBXFileReference; lastKnownFileType = sourcecode.swift; path = NetworkManager.swift; sourceTree = "<group>"; };
		FD4340D220BC1DC200CED8B7 /* TableViewDataModelItem.swift */ = {isa = PBXFileReference; lastKnownFileType = sourcecode.swift; path = TableViewDataModelItem.swift; sourceTree = "<group>"; };
		FD79F96520BC497000C1D5C5 /* TableViewCell.swift */ = {isa = PBXFileReference; lastKnownFileType = sourcecode.swift; path = TableViewCell.swift; sourceTree = "<group>"; };
/* End PBXFileReference section */

/* Begin PBXFrameworksBuildPhase section */
		FD4340A620BC121A00CED8B7 /* Frameworks */ = {
			isa = PBXFrameworksBuildPhase;
			buildActionMask = 2147483647;
			files = (
				F0A2D4E8FC821C8680CAA069 /* Pods_TelstraExercise.framework in Frameworks */,
			);
			runOnlyForDeploymentPostprocessing = 0;
		};
		FD4340BA20BC121A00CED8B7 /* Frameworks */ = {
			isa = PBXFrameworksBuildPhase;
			buildActionMask = 2147483647;
			files = (
				D759A3412BF5DBEB94196808 /* Pods_TelstraExerciseTests.framework in Frameworks */,
			);
			runOnlyForDeploymentPostprocessing = 0;
		};
/* End PBXFrameworksBuildPhase section */

/* Begin PBXGroup section */
		3BC70ADC5B46AB7F6DD0A123 /* Pods */ = {
			isa = PBXGroup;
			children = (
				6412591EE44BF51CFF4A10C0 /* Pods-TelstraExercise.debug.xcconfig */,
				18438A575F676303D4041EB8 /* Pods-TelstraExercise.release.xcconfig */,
				230E7B7FF2B56C35359E085A /* Pods-TelstraExerciseTests.debug.xcconfig */,
				BB292DA8B26563B248421852 /* Pods-TelstraExerciseTests.release.xcconfig */,
			);
			name = Pods;
			sourceTree = "<group>";
		};
		903229F3465D540E6ED5657B /* Frameworks */ = {
			isa = PBXGroup;
			children = (
				33973182E1533521B4A5F4B6 /* Pods_TelstraExercise.framework */,
				19F48AE72EF6039CF657AE55 /* Pods_TelstraExerciseTests.framework */,
			);
			name = Frameworks;
			sourceTree = "<group>";
		};
		FD0FA7B620BEE7150019259A /* NetworkManger */ = {
			isa = PBXGroup;
			children = (
				FD4340D020BC1D8100CED8B7 /* NetworkManager.swift */,
			);
			path = NetworkManger;
			sourceTree = "<group>";
		};
		FD24D3CE20BD5468004A5156 /* View */ = {
			isa = PBXGroup;
			children = (
				FD79F96520BC497000C1D5C5 /* TableViewCell.swift */,
			);
			path = View;
			sourceTree = "<group>";
		};
		FD24D3CF20BD547B004A5156 /* Model */ = {
			isa = PBXGroup;
			children = (
				FD4340D220BC1DC200CED8B7 /* TableViewDataModelItem.swift */,
			);
			path = Model;
			sourceTree = "<group>";
		};
		FD24D3D020BD548B004A5156 /* Controller */ = {
			isa = PBXGroup;
			children = (
				FD4340CE20BC1CD300CED8B7 /* MainViewController.swift */,
			);
			path = Controller;
			sourceTree = "<group>";
		};
		FD24D3D120BD56BE004A5156 /* Extension */ = {
			isa = PBXGroup;
			children = (
				FD24D3D220BD56F6004A5156 /* CustomClass.swift */,
			);
			path = Extension;
			sourceTree = "<group>";
		};
		FD4340A020BC121A00CED8B7 = {
			isa = PBXGroup;
			children = (
				FD4340AB20BC121A00CED8B7 /* TelstraExercise */,
				FD4340C020BC121A00CED8B7 /* TelstraExerciseTests */,
				FD4340AA20BC121A00CED8B7 /* Products */,
				3BC70ADC5B46AB7F6DD0A123 /* Pods */,
				903229F3465D540E6ED5657B /* Frameworks */,
			);
			sourceTree = "<group>";
		};
		FD4340AA20BC121A00CED8B7 /* Products */ = {
			isa = PBXGroup;
			children = (
				FD4340A920BC121A00CED8B7 /* TelstraExercise.app */,
				FD4340BD20BC121A00CED8B7 /* TelstraExerciseTests.xctest */,
			);
			name = Products;
			sourceTree = "<group>";
		};
		FD4340AB20BC121A00CED8B7 /* TelstraExercise */ = {
			isa = PBXGroup;
			children = (
				FD4340AC20BC121A00CED8B7 /* AppDelegate.swift */,
				FD24D3D020BD548B004A5156 /* Controller */,
				FD24D3CF20BD547B004A5156 /* Model */,
				FD24D3CE20BD5468004A5156 /* View */,
				FD0FA7B620BEE7150019259A /* NetworkManger */,
				FD24D3D120BD56BE004A5156 /* Extension */,
				FD0FA7B420BEDF950019259A /* placeholder.png */,
				FD4340B320BC121A00CED8B7 /* Assets.xcassets */,
				FD4340B520BC121A00CED8B7 /* LaunchScreen.storyboard */,
				FD4340B820BC121A00CED8B7 /* Info.plist */,
				FD1C064F20BEC9E700E88911 /* TelstraExercise-Bridging-Header.h */,
			);
			path = TelstraExercise;
			sourceTree = "<group>";
		};
		FD4340C020BC121A00CED8B7 /* TelstraExerciseTests */ = {
			isa = PBXGroup;
			children = (
				FD4340C120BC121A00CED8B7 /* TelstraExerciseTests.swift */,
				FD4340C320BC121A00CED8B7 /* Info.plist */,
			);
			path = TelstraExerciseTests;
			sourceTree = "<group>";
		};
/* End PBXGroup section */

/* Begin PBXNativeTarget section */
		FD4340A820BC121A00CED8B7 /* TelstraExercise */ = {
			isa = PBXNativeTarget;
			buildConfigurationList = FD4340C620BC121A00CED8B7 /* Build configuration list for PBXNativeTarget "TelstraExercise" */;
			buildPhases = (
				A9602F6692FCDAF139FA473E /* [CP] Check Pods Manifest.lock */,
				FD4340A520BC121A00CED8B7 /* Sources */,
				FD4340A620BC121A00CED8B7 /* Frameworks */,
				FD4340A720BC121A00CED8B7 /* Resources */,
				A3D3B50B2D9EDA24C77CD584 /* [CP] Embed Pods Frameworks */,
			);
			buildRules = (
			);
			dependencies = (
			);
			name = TelstraExercise;
			productName = TelstraExercise;
			productReference = FD4340A920BC121A00CED8B7 /* TelstraExercise.app */;
			productType = "com.apple.product-type.application";
		};
		FD4340BC20BC121A00CED8B7 /* TelstraExerciseTests */ = {
			isa = PBXNativeTarget;
			buildConfigurationList = FD4340C920BC121A00CED8B7 /* Build configuration list for PBXNativeTarget "TelstraExerciseTests" */;
			buildPhases = (
				67DA17E4096E69A8EA2D9F3D /* [CP] Check Pods Manifest.lock */,
				FD4340B920BC121A00CED8B7 /* Sources */,
				FD4340BA20BC121A00CED8B7 /* Frameworks */,
				FD4340BB20BC121A00CED8B7 /* Resources */,
			);
			buildRules = (
			);
			dependencies = (
				FD4340BF20BC121A00CED8B7 /* PBXTargetDependency */,
			);
			name = TelstraExerciseTests;
			productName = TelstraExerciseTests;
			productReference = FD4340BD20BC121A00CED8B7 /* TelstraExerciseTests.xctest */;
			productType = "com.apple.product-type.bundle.unit-test";
		};
/* End PBXNativeTarget section */

/* Begin PBXProject section */
		FD4340A120BC121A00CED8B7 /* Project object */ = {
			isa = PBXProject;
			attributes = {
				LastSwiftUpdateCheck = 0920;
				LastUpgradeCheck = 0920;
				ORGANIZATIONNAME = com.sarath.telstra;
				TargetAttributes = {
					FD4340A820BC121A00CED8B7 = {
						CreatedOnToolsVersion = 9.2;
						LastSwiftMigration = 0920;
						ProvisioningStyle = Automatic;
					};
					FD4340BC20BC121A00CED8B7 = {
						CreatedOnToolsVersion = 9.2;
						ProvisioningStyle = Automatic;
						TestTargetID = FD4340A820BC121A00CED8B7;
					};
				};
			};
			buildConfigurationList = FD4340A420BC121A00CED8B7 /* Build configuration list for PBXProject "TelstraExercise" */;
			compatibilityVersion = "Xcode 8.0";
			developmentRegion = en;
			hasScannedForEncodings = 0;
			knownRegions = (
				en,
				Base,
			);
			mainGroup = FD4340A020BC121A00CED8B7;
			productRefGroup = FD4340AA20BC121A00CED8B7 /* Products */;
			projectDirPath = "";
			projectRoot = "";
			targets = (
				FD4340A820BC121A00CED8B7 /* TelstraExercise */,
				FD4340BC20BC121A00CED8B7 /* TelstraExerciseTests */,
			);
		};
/* End PBXProject section */

/* Begin PBXResourcesBuildPhase section */
		FD4340A720BC121A00CED8B7 /* Resources */ = {
			isa = PBXResourcesBuildPhase;
			buildActionMask = 2147483647;
			files = (
				FD4340B720BC121A00CED8B7 /* LaunchScreen.storyboard in Resources */,
				FD0FA7B520BEDF950019259A /* placeholder.png in Resources */,
				FD4340B420BC121A00CED8B7 /* Assets.xcassets in Resources */,
			);
			runOnlyForDeploymentPostprocessing = 0;
		};
		FD4340BB20BC121A00CED8B7 /* Resources */ = {
			isa = PBXResourcesBuildPhase;
			buildActionMask = 2147483647;
			files = (
			);
			runOnlyForDeploymentPostprocessing = 0;
		};
/* End PBXResourcesBuildPhase section */

/* Begin PBXShellScriptBuildPhase section */
		67DA17E4096E69A8EA2D9F3D /* [CP] Check Pods Manifest.lock */ = {
			isa = PBXShellScriptBuildPhase;
			buildActionMask = 2147483647;
			files = (
			);
			inputPaths = (
				"${PODS_PODFILE_DIR_PATH}/Podfile.lock",
				"${PODS_ROOT}/Manifest.lock",
			);
			name = "[CP] Check Pods Manifest.lock";
			outputPaths = (
				"$(DERIVED_FILE_DIR)/Pods-TelstraExerciseTests-checkManifestLockResult.txt",
			);
			runOnlyForDeploymentPostprocessing = 0;
			shellPath = /bin/sh;
			shellScript = "diff \"${PODS_PODFILE_DIR_PATH}/Podfile.lock\" \"${PODS_ROOT}/Manifest.lock\" > /dev/null\nif [ $? != 0 ] ; then\n    # print error to STDERR\n    echo \"error: The sandbox is not in sync with the Podfile.lock. Run 'pod install' or update your CocoaPods installation.\" >&2\n    exit 1\nfi\n# This output is used by Xcode 'outputs' to avoid re-running this script phase.\necho \"SUCCESS\" > \"${SCRIPT_OUTPUT_FILE_0}\"\n";
			showEnvVarsInLog = 0;
		};
		A3D3B50B2D9EDA24C77CD584 /* [CP] Embed Pods Frameworks */ = {
			isa = PBXShellScriptBuildPhase;
			buildActionMask = 2147483647;
			files = (
			);
			inputPaths = (
				"${SRCROOT}/Pods/Target Support Files/Pods-TelstraExercise/Pods-TelstraExercise-frameworks.sh",
				"${BUILT_PRODUCTS_DIR}/SDWebImage/SDWebImage.framework",
			);
			name = "[CP] Embed Pods Frameworks";
			outputPaths = (
				"${TARGET_BUILD_DIR}/${FRAMEWORKS_FOLDER_PATH}/SDWebImage.framework",
			);
			runOnlyForDeploymentPostprocessing = 0;
			shellPath = /bin/sh;
			shellScript = "\"${SRCROOT}/Pods/Target Support Files/Pods-TelstraExercise/Pods-TelstraExercise-frameworks.sh\"\n";
			showEnvVarsInLog = 0;
		};
		A9602F6692FCDAF139FA473E /* [CP] Check Pods Manifest.lock */ = {
			isa = PBXShellScriptBuildPhase;
			buildActionMask = 2147483647;
			files = (
			);
			inputPaths = (
				"${PODS_PODFILE_DIR_PATH}/Podfile.lock",
				"${PODS_ROOT}/Manifest.lock",
			);
			name = "[CP] Check Pods Manifest.lock";
			outputPaths = (
				"$(DERIVED_FILE_DIR)/Pods-TelstraExercise-checkManifestLockResult.txt",
			);
			runOnlyForDeploymentPostprocessing = 0;
			shellPath = /bin/sh;
			shellScript = "diff \"${PODS_PODFILE_DIR_PATH}/Podfile.lock\" \"${PODS_ROOT}/Manifest.lock\" > /dev/null\nif [ $? != 0 ] ; then\n    # print error to STDERR\n    echo \"error: The sandbox is not in sync with the Podfile.lock. Run 'pod install' or update your CocoaPods installation.\" >&2\n    exit 1\nfi\n# This output is used by Xcode 'outputs' to avoid re-running this script phase.\necho \"SUCCESS\" > \"${SCRIPT_OUTPUT_FILE_0}\"\n";
			showEnvVarsInLog = 0;
		};
/* End PBXShellScriptBuildPhase section */

/* Begin PBXSourcesBuildPhase section */
		FD4340A520BC121A00CED8B7 /* Sources */ = {
			isa = PBXSourcesBuildPhase;
			buildActionMask = 2147483647;
			files = (
				FD79F96620BC497000C1D5C5 /* TableViewCell.swift in Sources */,
				FD4340D320BC1DC200CED8B7 /* TableViewDataModelItem.swift in Sources */,
				FD4340AD20BC121A00CED8B7 /* AppDelegate.swift in Sources */,
				FD24D3D320BD56F6004A5156 /* CustomClass.swift in Sources */,
				FD4340D120BC1D8100CED8B7 /* NetworkManager.swift in Sources */,
				FD4340CF20BC1CD300CED8B7 /* MainViewController.swift in Sources */,
			);
			runOnlyForDeploymentPostprocessing = 0;
		};
		FD4340B920BC121A00CED8B7 /* Sources */ = {
			isa = PBXSourcesBuildPhase;
			buildActionMask = 2147483647;
			files = (
				FD4340C220BC121A00CED8B7 /* TelstraExerciseTests.swift in Sources */,
			);
			runOnlyForDeploymentPostprocessing = 0;
		};
/* End PBXSourcesBuildPhase section */

/* Begin PBXTargetDependency section */
		FD4340BF20BC121A00CED8B7 /* PBXTargetDependency */ = {
			isa = PBXTargetDependency;
			target = FD4340A820BC121A00CED8B7 /* TelstraExercise */;
			targetProxy = FD4340BE20BC121A00CED8B7 /* PBXContainerItemProxy */;
		};
/* End PBXTargetDependency section */

/* Begin PBXVariantGroup section */
		FD4340B520BC121A00CED8B7 /* LaunchScreen.storyboard */ = {
			isa = PBXVariantGroup;
			children = (
				FD4340B620BC121A00CED8B7 /* Base */,
			);
			name = LaunchScreen.storyboard;
			sourceTree = "<group>";
		};
/* End PBXVariantGroup section */

/* Begin XCBuildConfiguration section */
		FD4340C420BC121A00CED8B7 /* Debug */ = {
			isa = XCBuildConfiguration;
			buildSettings = {
				ALWAYS_SEARCH_USER_PATHS = NO;
				CLANG_ANALYZER_NONNULL = YES;
				CLANG_ANALYZER_NUMBER_OBJECT_CONVERSION = YES_AGGRESSIVE;
				CLANG_CXX_LANGUAGE_STANDARD = "gnu++14";
				CLANG_CXX_LIBRARY = "libc++";
				CLANG_ENABLE_MODULES = YES;
				CLANG_ENABLE_OBJC_ARC = YES;
				CLANG_WARN_BLOCK_CAPTURE_AUTORELEASING = YES;
				CLANG_WARN_BOOL_CONVERSION = YES;
				CLANG_WARN_COMMA = YES;
				CLANG_WARN_CONSTANT_CONVERSION = YES;
				CLANG_WARN_DIRECT_OBJC_ISA_USAGE = YES_ERROR;
				CLANG_WARN_DOCUMENTATION_COMMENTS = YES;
				CLANG_WARN_EMPTY_BODY = YES;
				CLANG_WARN_ENUM_CONVERSION = YES;
				CLANG_WARN_INFINITE_RECURSION = YES;
				CLANG_WARN_INT_CONVERSION = YES;
				CLANG_WARN_NON_LITERAL_NULL_CONVERSION = YES;
				CLANG_WARN_OBJC_LITERAL_CONVERSION = YES;
				CLANG_WARN_OBJC_ROOT_CLASS = YES_ERROR;
				CLANG_WARN_RANGE_LOOP_ANALYSIS = YES;
				CLANG_WARN_STRICT_PROTOTYPES = YES;
				CLANG_WARN_SUSPICIOUS_MOVE = YES;
				CLANG_WARN_UNGUARDED_AVAILABILITY = YES_AGGRESSIVE;
				CLANG_WARN_UNREACHABLE_CODE = YES;
				CLANG_WARN__DUPLICATE_METHOD_MATCH = YES;
				CODE_SIGN_IDENTITY = "iPhone Developer";
				COPY_PHASE_STRIP = NO;
				DEBUG_INFORMATION_FORMAT = dwarf;
				ENABLE_STRICT_OBJC_MSGSEND = YES;
				ENABLE_TESTABILITY = YES;
				GCC_C_LANGUAGE_STANDARD = gnu11;
				GCC_DYNAMIC_NO_PIC = NO;
				GCC_NO_COMMON_BLOCKS = YES;
				GCC_OPTIMIZATION_LEVEL = 0;
				GCC_PREPROCESSOR_DEFINITIONS = (
					"DEBUG=1",
					"$(inherited)",
				);
				GCC_WARN_64_TO_32_BIT_CONVERSION = YES;
				GCC_WARN_ABOUT_RETURN_TYPE = YES_ERROR;
				GCC_WARN_UNDECLARED_SELECTOR = YES;
				GCC_WARN_UNINITIALIZED_AUTOS = YES_AGGRESSIVE;
				GCC_WARN_UNUSED_FUNCTION = YES;
				GCC_WARN_UNUSED_VARIABLE = YES;
				IPHONEOS_DEPLOYMENT_TARGET = 11.2;
				MTL_ENABLE_DEBUG_INFO = YES;
				ONLY_ACTIVE_ARCH = YES;
				SDKROOT = iphoneos;
				SWIFT_ACTIVE_COMPILATION_CONDITIONS = DEBUG;
				SWIFT_OPTIMIZATION_LEVEL = "-Onone";
			};
			name = Debug;
		};
		FD4340C520BC121A00CED8B7 /* Release */ = {
			isa = XCBuildConfiguration;
			buildSettings = {
				ALWAYS_SEARCH_USER_PATHS = NO;
				CLANG_ANALYZER_NONNULL = YES;
				CLANG_ANALYZER_NUMBER_OBJECT_CONVERSION = YES_AGGRESSIVE;
				CLANG_CXX_LANGUAGE_STANDARD = "gnu++14";
				CLANG_CXX_LIBRARY = "libc++";
				CLANG_ENABLE_MODULES = YES;
				CLANG_ENABLE_OBJC_ARC = YES;
				CLANG_WARN_BLOCK_CAPTURE_AUTORELEASING = YES;
				CLANG_WARN_BOOL_CONVERSION = YES;
				CLANG_WARN_COMMA = YES;
				CLANG_WARN_CONSTANT_CONVERSION = YES;
				CLANG_WARN_DIRECT_OBJC_ISA_USAGE = YES_ERROR;
				CLANG_WARN_DOCUMENTATION_COMMENTS = YES;
				CLANG_WARN_EMPTY_BODY = YES;
				CLANG_WARN_ENUM_CONVERSION = YES;
				CLANG_WARN_INFINITE_RECURSION = YES;
				CLANG_WARN_INT_CONVERSION = YES;
				CLANG_WARN_NON_LITERAL_NULL_CONVERSION = YES;
				CLANG_WARN_OBJC_LITERAL_CONVERSION = YES;
				CLANG_WARN_OBJC_ROOT_CLASS = YES_ERROR;
				CLANG_WARN_RANGE_LOOP_ANALYSIS = YES;
				CLANG_WARN_STRICT_PROTOTYPES = YES;
				CLANG_WARN_SUSPICIOUS_MOVE = YES;
				CLANG_WARN_UNGUARDED_AVAILABILITY = YES_AGGRESSIVE;
				CLANG_WARN_UNREACHABLE_CODE = YES;
				CLANG_WARN__DUPLICATE_METHOD_MATCH = YES;
				CODE_SIGN_IDENTITY = "iPhone Developer";
				COPY_PHASE_STRIP = NO;
				DEBUG_INFORMATION_FORMAT = "dwarf-with-dsym";
				ENABLE_NS_ASSERTIONS = NO;
				ENABLE_STRICT_OBJC_MSGSEND = YES;
				GCC_C_LANGUAGE_STANDARD = gnu11;
				GCC_NO_COMMON_BLOCKS = YES;
				GCC_WARN_64_TO_32_BIT_CONVERSION = YES;
				GCC_WARN_ABOUT_RETURN_TYPE = YES_ERROR;
				GCC_WARN_UNDECLARED_SELECTOR = YES;
				GCC_WARN_UNINITIALIZED_AUTOS = YES_AGGRESSIVE;
				GCC_WARN_UNUSED_FUNCTION = YES;
				GCC_WARN_UNUSED_VARIABLE = YES;
				IPHONEOS_DEPLOYMENT_TARGET = 11.2;
				MTL_ENABLE_DEBUG_INFO = NO;
				SDKROOT = iphoneos;
				SWIFT_OPTIMIZATION_LEVEL = "-Owholemodule";
				VALIDATE_PRODUCT = YES;
			};
			name = Release;
		};
		FD4340C720BC121A00CED8B7 /* Debug */ = {
			isa = XCBuildConfiguration;
			baseConfigurationReference = 6412591EE44BF51CFF4A10C0 /* Pods-TelstraExercise.debug.xcconfig */;
			buildSettings = {
				ASSETCATALOG_COMPILER_APPICON_NAME = AppIcon;
				CLANG_ENABLE_MODULES = YES;
				CODE_SIGN_STYLE = Automatic;
				DEVELOPMENT_TEAM = 72UCH54KZS;
				INFOPLIST_FILE = TelstraExercise/Info.plist;
				IPHONEOS_DEPLOYMENT_TARGET = 11.2;
				LD_RUNPATH_SEARCH_PATHS = "$(inherited) @executable_path/Frameworks";
				PRODUCT_BUNDLE_IDENTIFIER = sarath.TelstraExercise;
				PRODUCT_NAME = "$(TARGET_NAME)";
				SWIFT_OBJC_BRIDGING_HEADER = "TelstraExercise/TelstraExercise-Bridging-Header.h";
				SWIFT_OPTIMIZATION_LEVEL = "-Onone";
				SWIFT_VERSION = 4.0;
				TARGETED_DEVICE_FAMILY = "1,2";
			};
			name = Debug;
		};
		FD4340C820BC121A00CED8B7 /* Release */ = {
			isa = XCBuildConfiguration;
			baseConfigurationReference = 18438A575F676303D4041EB8 /* Pods-TelstraExercise.release.xcconfig */;
			buildSettings = {
				ASSETCATALOG_COMPILER_APPICON_NAME = AppIcon;
				CLANG_ENABLE_MODULES = YES;
				CODE_SIGN_STYLE = Automatic;
				DEVELOPMENT_TEAM = 72UCH54KZS;
				INFOPLIST_FILE = TelstraExercise/Info.plist;
				IPHONEOS_DEPLOYMENT_TARGET = 11.2;
				LD_RUNPATH_SEARCH_PATHS = "$(inherited) @executable_path/Frameworks";
				PRODUCT_BUNDLE_IDENTIFIER = sarath.TelstraExercise;
				PRODUCT_NAME = "$(TARGET_NAME)";
				SWIFT_OBJC_BRIDGING_HEADER = "TelstraExercise/TelstraExercise-Bridging-Header.h";
				SWIFT_VERSION = 4.0;
				TARGETED_DEVICE_FAMILY = "1,2";
			};
			name = Release;
		};
		FD4340CA20BC121A00CED8B7 /* Debug */ = {
			isa = XCBuildConfiguration;
			baseConfigurationReference = 230E7B7FF2B56C35359E085A /* Pods-TelstraExerciseTests.debug.xcconfig */;
			buildSettings = {
				ALWAYS_EMBED_SWIFT_STANDARD_LIBRARIES = YES;
				BUNDLE_LOADER = "$(TEST_HOST)";
				CODE_SIGN_STYLE = Automatic;
				DEVELOPMENT_TEAM = 72UCH54KZS;
				INFOPLIST_FILE = TelstraExerciseTests/Info.plist;
				LD_RUNPATH_SEARCH_PATHS = "$(inherited) @executable_path/Frameworks @loader_path/Frameworks";
				PRODUCT_BUNDLE_IDENTIFIER = sarath.TelstraExerciseTests;
				PRODUCT_NAME = "$(TARGET_NAME)";
				SWIFT_VERSION = 4.0;
				TARGETED_DEVICE_FAMILY = "1,2";
				TEST_HOST = "$(BUILT_PRODUCTS_DIR)/TelstraExercise.app/TelstraExercise";
			};
			name = Debug;
		};
		FD4340CB20BC121A00CED8B7 /* Release */ = {
			isa = XCBuildConfiguration;
			baseConfigurationReference = BB292DA8B26563B248421852 /* Pods-TelstraExerciseTests.release.xcconfig */;
			buildSettings = {
				ALWAYS_EMBED_SWIFT_STANDARD_LIBRARIES = YES;
				BUNDLE_LOADER = "$(TEST_HOST)";
				CODE_SIGN_STYLE = Automatic;
				DEVELOPMENT_TEAM = 72UCH54KZS;
				INFOPLIST_FILE = TelstraExerciseTests/Info.plist;
				LD_RUNPATH_SEARCH_PATHS = "$(inherited) @executable_path/Frameworks @loader_path/Frameworks";
				PRODUCT_BUNDLE_IDENTIFIER = sarath.TelstraExerciseTests;
				PRODUCT_NAME = "$(TARGET_NAME)";
				SWIFT_VERSION = 4.0;
				TARGETED_DEVICE_FAMILY = "1,2";
				TEST_HOST = "$(BUILT_PRODUCTS_DIR)/TelstraExercise.app/TelstraExercise";
			};
			name = Release;
		};
/* End XCBuildConfiguration section */

/* Begin XCConfigurationList section */
		FD4340A420BC121A00CED8B7 /* Build configuration list for PBXProject "TelstraExercise" */ = {
			isa = XCConfigurationList;
			buildConfigurations = (
				FD4340C420BC121A00CED8B7 /* Debug */,
				FD4340C520BC121A00CED8B7 /* Release */,
			);
			defaultConfigurationIsVisible = 0;
			defaultConfigurationName = Release;
		};
		FD4340C620BC121A00CED8B7 /* Build configuration list for PBXNativeTarget "TelstraExercise" */ = {
			isa = XCConfigurationList;
			buildConfigurations = (
				FD4340C720BC121A00CED8B7 /* Debug */,
				FD4340C820BC121A00CED8B7 /* Release */,
			);
			defaultConfigurationIsVisible = 0;
			defaultConfigurationName = Release;
		};
		FD4340C920BC121A00CED8B7 /* Build configuration list for PBXNativeTarget "TelstraExerciseTests" */ = {
			isa = XCConfigurationList;
			buildConfigurations = (
				FD4340CA20BC121A00CED8B7 /* Debug */,
				FD4340CB20BC121A00CED8B7 /* Release */,
			);
			defaultConfigurationIsVisible = 0;
			defaultConfigurationName = Release;
		};
/* End XCConfigurationList section */
	};
	rootObject = FD4340A120BC121A00CED8B7 /* Project object */;
}
